
Microsoft Visual Studio Solution File, Format Version 12.00
# Visual Studio Version 17
VisualStudioVersion = 17.0.31903.59
MinimumVisualStudioVersion = 10.0.40219.1
Project("{FAE04EC0-301F-11D3-BF4B-00C04F79EFBC}") = "ProductService", "ProductService\ProductService.csproj", "{22AB6DA1-7A9B-4E49-97BB-88B22B73BCF7}"
EndProject
Project("{FAE04EC0-301F-11D3-BF4B-00C04F79EFBC}") = "OrderService", "OrderService\OrderService.csproj", "{3D90E2C0-DEB7-4340-9C4F-EA905946FF1E}"
EndProject
Project("{FAE04EC0-301F-11D3-BF4B-00C04F79EFBC}") = "ApiGateway", "ApiGateway\ApiGateway.csproj", "{F0BFF9AC-ABE9-4994-A9B7-9C593F8C6100}"
EndProject
Global
	GlobalSection(SolutionConfigurationPlatforms) = preSolution
		Debug|Any CPU = Debug|Any CPU
		Release|Any CPU = Release|Any CPU
	EndGlobalSection
	GlobalSection(SolutionProperties) = preSolution
		HideSolutionNode = FALSE
	EndGlobalSection
	GlobalSection(ProjectConfigurationPlatforms) = postSolution
		{22AB6DA1-7A9B-4E49-97BB-88B22B73BCF7}.Debug|Any CPU.ActiveCfg = Debug|Any CPU
		{22AB6DA1-7A9B-4E49-97BB-88B22B73BCF7}.Debug|Any CPU.Build.0 = Debug|Any CPU
		{22AB6DA1-7A9B-4E49-97BB-88B22B73BCF7}.Release|Any CPU.ActiveCfg = Release|Any CPU
		{22AB6DA1-7A9B-4E49-97BB-88B22B73BCF7}.Release|Any CPU.Build.0 = Release|Any CPU
		{3D90E2C0-DEB7-4340-9C4F-EA905946FF1E}.Debug|Any CPU.ActiveCfg = Debug|Any CPU
		{3D90E2C0-DEB7-4340-9C4F-EA905946FF1E}.Debug|Any CPU.Build.0 = Debug|Any CPU
		{3D90E2C0-DEB7-4340-9C4F-EA905946FF1E}.Release|Any CPU.ActiveCfg = Release|Any CPU
		{3D90E2C0-DEB7-4340-9C4F-EA905946FF1E}.Release|Any CPU.Build.0 = Release|Any CPU
		{F0BFF9AC-ABE9-4994-A9B7-9C593F8C6100}.Debug|Any CPU.ActiveCfg = Debug|Any CPU
		{F0BFF9AC-ABE9-4994-A9B7-9C593F8C6100}.Debug|Any CPU.Build.0 = Debug|Any CPU
		{F0BFF9AC-ABE9-4994-A9B7-9C593F8C6100}.Release|Any CPU.ActiveCfg = Release|Any CPU
		{F0BFF9AC-ABE9-4994-A9B7-9C593F8C6100}.Release|Any CPU.Build.0 = Release|Any CPU
	EndGlobalSection
EndGlobal
